
Microsoft Visual Studio Solution File, Format Version 12.00
# Visual Studio Version 17
VisualStudioVersion = 17.10.35122.118
MinimumVisualStudioVersion = 10.0.40219.1
Project("{8BC9CEB8-8B4A-11D0-8D11-00A0C91BC942}") = "SchedualGenerator", "SchedualGenerator\SchedualGenerator.vcxproj", "{3B592A72-959F-456E-944B-2385552C6B9D}"
EndProject
Global
	GlobalSection(SolutionConfigurationPlatforms) = preSolution
		Debug|x64 = Debug|x64
		Debug|x86 = Debug|x86
		Release|x64 = Release|x64
		Release|x86 = Release|x86
	EndGlobalSection
	GlobalSection(ProjectConfigurationPlatforms) = postSolution
		{3B592A72-959F-456E-944B-2385552C6B9D}.Debug|x64.ActiveCfg = Debug|x64
		{3B592A72-959F-456E-944B-2385552C6B9D}.Debug|x64.Build.0 = Debug|x64
		{3B592A72-959F-456E-944B-2385552C6B9D}.Debug|x86.ActiveCfg = Debug|Win32
		{3B592A72-959F-456E-944B-2385552C6B9D}.Debug|x86.Build.0 = Debug|Win32
		{3B592A72-959F-456E-944B-2385552C6B9D}.Release|x64.ActiveCfg = Release|x64
		{3B592A72-959F-456E-944B-2385552C6B9D}.Release|x64.Build.0 = Release|x64
		{3B592A72-959F-456E-944B-2385552C6B9D}.Release|x86.ActiveCfg = Release|Win32
		{3B592A72-959F-456E-944B-2385552C6B9D}.Release|x86.Build.0 = Release|Win32
	EndGlobalSection
	GlobalSection(SolutionProperties) = preSolution
		HideSolutionNode = FALSE
	EndGlobalSection
	GlobalSection(ExtensibilityGlobals) = postSolution
		SolutionGuid = {7D45AA26-20EF-44E6-B2FA-F572C0465DDD}
	EndGlobalSection
EndGlobal
